
Microsoft Visual Studio Solution File, Format Version 12.00
# Visual Studio Version 17
VisualStudioVersion = 17.8.34330.188
MinimumVisualStudioVersion = 10.0.40219.1
Project("{FAE04EC0-301F-11D3-BF4B-00C04F79EFBC}") = "JobDispatcherNET", "JobDispatcherNET\JobDispatcherNET.csproj", "{195AE663-D834-3986-01D5-7EF5EF2C75B9}"
EndProject
Project("{FAE04EC0-301F-11D3-BF4B-00C04F79EFBC}") = "ExampleConsoleApp", "ExampleConsoleApp\ExampleConsoleApp.csproj", "{FA93AD03-6C88-E828-655A-F83F41E3BD7E}"
EndProject
Project("{FAE04EC0-301F-11D3-BF4B-00C04F79EFBC}") = "ExampleChatServer", "ExampleChatServer\ExampleChatServer.csproj", "{5618A8C5-B2FE-05D1-AC9F-01AF26762261}"
EndProject
Global
	GlobalSection(SolutionConfigurationPlatforms) = preSolution
		Debug|Any CPU = Debug|Any CPU
		Release|Any CPU = Release|Any CPU
	EndGlobalSection
	GlobalSection(ProjectConfigurationPlatforms) = postSolution
		{195AE663-D834-3986-01D5-7EF5EF2C75B9}.Debug|Any CPU.ActiveCfg = Debug|Any CPU
		{195AE663-D834-3986-01D5-7EF5EF2C75B9}.Debug|Any CPU.Build.0 = Debug|Any CPU
		{195AE663-D834-3986-01D5-7EF5EF2C75B9}.Release|Any CPU.ActiveCfg = Release|Any CPU
		{195AE663-D834-3986-01D5-7EF5EF2C75B9}.Release|Any CPU.Build.0 = Release|Any CPU
		{FA93AD03-6C88-E828-655A-F83F41E3BD7E}.Debug|Any CPU.ActiveCfg = Debug|Any CPU
		{FA93AD03-6C88-E828-655A-F83F41E3BD7E}.Debug|Any CPU.Build.0 = Debug|Any CPU
		{FA93AD03-6C88-E828-655A-F83F41E3BD7E}.Release|Any CPU.ActiveCfg = Release|Any CPU
		{FA93AD03-6C88-E828-655A-F83F41E3BD7E}.Release|Any CPU.Build.0 = Release|Any CPU
		{5618A8C5-B2FE-05D1-AC9F-01AF26762261}.Debug|Any CPU.ActiveCfg = Debug|Any CPU
		{5618A8C5-B2FE-05D1-AC9F-01AF26762261}.Debug|Any CPU.Build.0 = Debug|Any CPU
		{5618A8C5-B2FE-05D1-AC9F-01AF26762261}.Release|Any CPU.ActiveCfg = Release|Any CPU
		{5618A8C5-B2FE-05D1-AC9F-01AF26762261}.Release|Any CPU.Build.0 = Release|Any CPU
	EndGlobalSection
	GlobalSection(SolutionProperties) = preSolution
		HideSolutionNode = FALSE
	EndGlobalSection
	GlobalSection(ExtensibilityGlobals) = postSolution
		SolutionGuid = {560D3881-D190-4C53-BAA7-9BB089C75615}
	EndGlobalSection
EndGlobal
