
Microsoft Visual Studio Solution File, Format Version 12.00
# Visual Studio Version 17
VisualStudioVersion = 17.8.34330.188
MinimumVisualStudioVersion = 10.0.40219.1
Project("{FAE04EC0-301F-11D3-BF4B-00C04F79EFBC}") = "JobDispatcherNET", "JobDispatcherNET\JobDispatcherNET.csproj", "{195AE663-D834-3986-01D5-7EF5EF2C75B9}"
EndProject
Project("{FAE04EC0-301F-11D3-BF4B-00C04F79EFBC}") = "ExampleConsoleApp", "ExampleConsoleApp\ExampleConsoleApp.csproj", "{FA93AD03-6C88-E828-655A-F83F41E3BD7E}"
EndProject
Project("{FAE04EC0-301F-11D3-BF4B-00C04F79EFBC}") = "ExampleChatServer", "ExampleChatServer\ExampleChatServer.csproj", "{5618A8C5-B2FE-05D1-AC9F-01AF26762261}"
EndProject
Project("{FAE04EC0-301F-11D3-BF4B-00C04F79EFBC}") = "ExampleMmorpgServer", "ExampleMmorpgServer\ExampleMmorpgServer.csproj", "{5C38EF93-4D0B-4AF8-B0EA-9412D79038F9}"
EndProject
Project("{FAE04EC0-301F-11D3-BF4B-00C04F79EFBC}") = "ExampleSectorServer", "ExampleSectorServer\ExampleSectorServer.csproj", "{5249BAD1-00AE-430A-A2D0-45C3776F7632}"
EndProject
Project("{FAE04EC0-301F-11D3-BF4B-00C04F79EFBC}") = "AdvancedMmorpgServer", "AdvancedMmorpgServer\AdvancedMmorpgServer.csproj", "{E63F4357-375B-45DD-B3AC-6102AA138970}"
EndProject
Project("{FAE04EC0-301F-11D3-BF4B-00C04F79EFBC}") = "AdvancedMmorpgClient", "AdvancedMmorpgClient\AdvancedMmorpgClient.csproj", "{6A95C83F-5253-49B0-AB0E-9B9E12FDBB14}"
EndProject
Project("{FAE04EC0-301F-11D3-BF4B-00C04F79EFBC}") = "AdvancedMmorpgTests", "AdvancedMmorpgTests\AdvancedMmorpgTests.csproj", "{F2953847-B342-47B7-8EEB-D55A892A1426}"
EndProject
Project("{FAE04EC0-301F-11D3-BF4B-00C04F79EFBC}") = "JobDispatcherNET.Tests", "JobDispatcherNET.Tests\JobDispatcherNET.Tests.csproj", "{4D4008FD-267A-4233-8DA1-4C5234EF8634}"
EndProject
Project("{FAE04EC0-301F-11D3-BF4B-00C04F79EFBC}") = "JobDispatcherNET.Extensions.Logging", "JobDispatcherNET.Extensions.Logging\JobDispatcherNET.Extensions.Logging.csproj", "{7838BCCC-A5BB-4AB2-BEA4-E0D700607AD8}"
EndProject
Project("{FAE04EC0-301F-11D3-BF4B-00C04F79EFBC}") = "JobDispatcherNET.Extensions.Hosting", "JobDispatcherNET.Extensions.Hosting\JobDispatcherNET.Extensions.Hosting.csproj", "{E2726499-AE2E-4E85-994C-427490D8E618}"
EndProject
Project("{2150E333-8FDC-42A3-9474-1A3956D46DE8}") = "samples", "samples", "{5D20AA90-6969-D8BD-9DCD-8634F4692FDA}"
EndProject
Project("{FAE04EC0-301F-11D3-BF4B-00C04F79EFBC}") = "Observability", "samples\Observability\Observability.csproj", "{FC4A47F7-9155-4CDE-ACF1-22DC9A9A9BB7}"
EndProject
Project("{FAE04EC0-301F-11D3-BF4B-00C04F79EFBC}") = "JobDispatcherNET.Benchmarks", "JobDispatcherNET.Benchmarks\JobDispatcherNET.Benchmarks.csproj", "{ED197A62-631B-40FE-A2C7-B5C8159DA618}"
EndProject
Project("{2150E333-8FDC-42A3-9474-1A3956D46DE8}") = "templates", "templates", "{808186BE-9BD0-DD1D-D574-36EEAD1E7F8F}"
EndProject
Project("{FAE04EC0-301F-11D3-BF4B-00C04F79EFBC}") = "JobDispatcherNET.Templates", "templates\JobDispatcherNET.Templates.csproj", "{44FFAE8F-25C0-4C56-9AF4-543AA744B4A4}"
EndProject
Project("{FAE04EC0-301F-11D3-BF4B-00C04F79EFBC}") = "PipelinesServer", "samples\PipelinesServer\PipelinesServer.csproj", "{B1299C57-9E5C-4391-A620-558DADAF52D2}"
EndProject
Project("{FAE04EC0-301F-11D3-BF4B-00C04F79EFBC}") = "LoadClient", "samples\LoadClient\LoadClient.csproj", "{ADA4932C-001B-4E07-9CB6-D88E721C7EC5}"
EndProject
Global
	GlobalSection(SolutionConfigurationPlatforms) = preSolution
		Debug|Any CPU = Debug|Any CPU
		Debug|x64 = Debug|x64
		Debug|x86 = Debug|x86
		Release|Any CPU = Release|Any CPU
		Release|x64 = Release|x64
		Release|x86 = Release|x86
	EndGlobalSection
	GlobalSection(ProjectConfigurationPlatforms) = postSolution
		{195AE663-D834-3986-01D5-7EF5EF2C75B9}.Debug|Any CPU.ActiveCfg = Debug|Any CPU
		{195AE663-D834-3986-01D5-7EF5EF2C75B9}.Debug|Any CPU.Build.0 = Debug|Any CPU
		{195AE663-D834-3986-01D5-7EF5EF2C75B9}.Debug|x64.ActiveCfg = Debug|Any CPU
		{195AE663-D834-3986-01D5-7EF5EF2C75B9}.Debug|x64.Build.0 = Debug|Any CPU
		{195AE663-D834-3986-01D5-7EF5EF2C75B9}.Debug|x86.ActiveCfg = Debug|Any CPU
		{195AE663-D834-3986-01D5-7EF5EF2C75B9}.Debug|x86.Build.0 = Debug|Any CPU
		{195AE663-D834-3986-01D5-7EF5EF2C75B9}.Release|Any CPU.ActiveCfg = Release|Any CPU
		{195AE663-D834-3986-01D5-7EF5EF2C75B9}.Release|Any CPU.Build.0 = Release|Any CPU
		{195AE663-D834-3986-01D5-7EF5EF2C75B9}.Release|x64.ActiveCfg = Release|Any CPU
		{195AE663-D834-3986-01D5-7EF5EF2C75B9}.Release|x64.Build.0 = Release|Any CPU
		{195AE663-D834-3986-01D5-7EF5EF2C75B9}.Release|x86.ActiveCfg = Release|Any CPU
		{195AE663-D834-3986-01D5-7EF5EF2C75B9}.Release|x86.Build.0 = Release|Any CPU
		{FA93AD03-6C88-E828-655A-F83F41E3BD7E}.Debug|Any CPU.ActiveCfg = Debug|Any CPU
		{FA93AD03-6C88-E828-655A-F83F41E3BD7E}.Debug|Any CPU.Build.0 = Debug|Any CPU
		{FA93AD03-6C88-E828-655A-F83F41E3BD7E}.Debug|x64.ActiveCfg = Debug|Any CPU
		{FA93AD03-6C88-E828-655A-F83F41E3BD7E}.Debug|x64.Build.0 = Debug|Any CPU
		{FA93AD03-6C88-E828-655A-F83F41E3BD7E}.Debug|x86.ActiveCfg = Debug|Any CPU
		{FA93AD03-6C88-E828-655A-F83F41E3BD7E}.Debug|x86.Build.0 = Debug|Any CPU
		{FA93AD03-6C88-E828-655A-F83F41E3BD7E}.Release|Any CPU.ActiveCfg = Release|Any CPU
		{FA93AD03-6C88-E828-655A-F83F41E3BD7E}.Release|Any CPU.Build.0 = Release|Any CPU
		{FA93AD03-6C88-E828-655A-F83F41E3BD7E}.Release|x64.ActiveCfg = Release|Any CPU
		{FA93AD03-6C88-E828-655A-F83F41E3BD7E}.Release|x64.Build.0 = Release|Any CPU
		{FA93AD03-6C88-E828-655A-F83F41E3BD7E}.Release|x86.ActiveCfg = Release|Any CPU
		{FA93AD03-6C88-E828-655A-F83F41E3BD7E}.Release|x86.Build.0 = Release|Any CPU
		{5618A8C5-B2FE-05D1-AC9F-01AF26762261}.Debug|Any CPU.ActiveCfg = Debug|Any CPU
		{5618A8C5-B2FE-05D1-AC9F-01AF26762261}.Debug|Any CPU.Build.0 = Debug|Any CPU
		{5618A8C5-B2FE-05D1-AC9F-01AF26762261}.Debug|x64.ActiveCfg = Debug|Any CPU
		{5618A8C5-B2FE-05D1-AC9F-01AF26762261}.Debug|x64.Build.0 = Debug|Any CPU
		{5618A8C5-B2FE-05D1-AC9F-01AF26762261}.Debug|x86.ActiveCfg = Debug|Any CPU
		{5618A8C5-B2FE-05D1-AC9F-01AF26762261}.Debug|x86.Build.0 = Debug|Any CPU
		{5618A8C5-B2FE-05D1-AC9F-01AF26762261}.Release|Any CPU.ActiveCfg = Release|Any CPU
		{5618A8C5-B2FE-05D1-AC9F-01AF26762261}.Release|Any CPU.Build.0 = Release|Any CPU
		{5618A8C5-B2FE-05D1-AC9F-01AF26762261}.Release|x64.ActiveCfg = Release|Any CPU
		{5618A8C5-B2FE-05D1-AC9F-01AF26762261}.Release|x64.Build.0 = Release|Any CPU
		{5618A8C5-B2FE-05D1-AC9F-01AF26762261}.Release|x86.ActiveCfg = Release|Any CPU
		{5618A8C5-B2FE-05D1-AC9F-01AF26762261}.Release|x86.Build.0 = Release|Any CPU
		{5C38EF93-4D0B-4AF8-B0EA-9412D79038F9}.Debug|Any CPU.ActiveCfg = Debug|Any CPU
		{5C38EF93-4D0B-4AF8-B0EA-9412D79038F9}.Debug|Any CPU.Build.0 = Debug|Any CPU
		{5C38EF93-4D0B-4AF8-B0EA-9412D79038F9}.Debug|x64.ActiveCfg = Debug|Any CPU
		{5C38EF93-4D0B-4AF8-B0EA-9412D79038F9}.Debug|x64.Build.0 = Debug|Any CPU
		{5C38EF93-4D0B-4AF8-B0EA-9412D79038F9}.Debug|x86.ActiveCfg = Debug|Any CPU
		{5C38EF93-4D0B-4AF8-B0EA-9412D79038F9}.Debug|x86.Build.0 = Debug|Any CPU
		{5C38EF93-4D0B-4AF8-B0EA-9412D79038F9}.Release|Any CPU.ActiveCfg = Release|Any CPU
		{5C38EF93-4D0B-4AF8-B0EA-9412D79038F9}.Release|Any CPU.Build.0 = Release|Any CPU
		{5C38EF93-4D0B-4AF8-B0EA-9412D79038F9}.Release|x64.ActiveCfg = Release|Any CPU
		{5C38EF93-4D0B-4AF8-B0EA-9412D79038F9}.Release|x64.Build.0 = Release|Any CPU
		{5C38EF93-4D0B-4AF8-B0EA-9412D79038F9}.Release|x86.ActiveCfg = Release|Any CPU
		{5C38EF93-4D0B-4AF8-B0EA-9412D79038F9}.Release|x86.Build.0 = Release|Any CPU
		{5249BAD1-00AE-430A-A2D0-45C3776F7632}.Debug|Any CPU.ActiveCfg = Debug|Any CPU
		{5249BAD1-00AE-430A-A2D0-45C3776F7632}.Debug|Any CPU.Build.0 = Debug|Any CPU
		{5249BAD1-00AE-430A-A2D0-45C3776F7632}.Debug|x64.ActiveCfg = Debug|Any CPU
		{5249BAD1-00AE-430A-A2D0-45C3776F7632}.Debug|x64.Build.0 = Debug|Any CPU
		{5249BAD1-00AE-430A-A2D0-45C3776F7632}.Debug|x86.ActiveCfg = Debug|Any CPU
		{5249BAD1-00AE-430A-A2D0-45C3776F7632}.Debug|x86.Build.0 = Debug|Any CPU
		{5249BAD1-00AE-430A-A2D0-45C3776F7632}.Release|Any CPU.ActiveCfg = Release|Any CPU
		{5249BAD1-00AE-430A-A2D0-45C3776F7632}.Release|Any CPU.Build.0 = Release|Any CPU
		{5249BAD1-00AE-430A-A2D0-45C3776F7632}.Release|x64.ActiveCfg = Release|Any CPU
		{5249BAD1-00AE-430A-A2D0-45C3776F7632}.Release|x64.Build.0 = Release|Any CPU
		{5249BAD1-00AE-430A-A2D0-45C3776F7632}.Release|x86.ActiveCfg = Release|Any CPU
		{5249BAD1-00AE-430A-A2D0-45C3776F7632}.Release|x86.Build.0 = Release|Any CPU
		{E63F4357-375B-45DD-B3AC-6102AA138970}.Debug|Any CPU.ActiveCfg = Debug|Any CPU
		{E63F4357-375B-45DD-B3AC-6102AA138970}.Debug|Any CPU.Build.0 = Debug|Any CPU
		{E63F4357-375B-45DD-B3AC-6102AA138970}.Debug|x64.ActiveCfg = Debug|Any CPU
		{E63F4357-375B-45DD-B3AC-6102AA138970}.Debug|x64.Build.0 = Debug|Any CPU
		{E63F4357-375B-45DD-B3AC-6102AA138970}.Debug|x86.ActiveCfg = Debug|Any CPU
		{E63F4357-375B-45DD-B3AC-6102AA138970}.Debug|x86.Build.0 = Debug|Any CPU
		{E63F4357-375B-45DD-B3AC-6102AA138970}.Release|Any CPU.ActiveCfg = Release|Any CPU
		{E63F4357-375B-45DD-B3AC-6102AA138970}.Release|Any CPU.Build.0 = Release|Any CPU
		{E63F4357-375B-45DD-B3AC-6102AA138970}.Release|x64.ActiveCfg = Release|Any CPU
		{E63F4357-375B-45DD-B3AC-6102AA138970}.Release|x64.Build.0 = Release|Any CPU
		{E63F4357-375B-45DD-B3AC-6102AA138970}.Release|x86.ActiveCfg = Release|Any CPU
		{E63F4357-375B-45DD-B3AC-6102AA138970}.Release|x86.Build.0 = Release|Any CPU
		{6A95C83F-5253-49B0-AB0E-9B9E12FDBB14}.Debug|Any CPU.ActiveCfg = Debug|Any CPU
		{6A95C83F-5253-49B0-AB0E-9B9E12FDBB14}.Debug|Any CPU.Build.0 = Debug|Any CPU
		{6A95C83F-5253-49B0-AB0E-9B9E12FDBB14}.Debug|x64.ActiveCfg = Debug|Any CPU
		{6A95C83F-5253-49B0-AB0E-9B9E12FDBB14}.Debug|x64.Build.0 = Debug|Any CPU
		{6A95C83F-5253-49B0-AB0E-9B9E12FDBB14}.Debug|x86.ActiveCfg = Debug|Any CPU
		{6A95C83F-5253-49B0-AB0E-9B9E12FDBB14}.Debug|x86.Build.0 = Debug|Any CPU
		{6A95C83F-5253-49B0-AB0E-9B9E12FDBB14}.Release|Any CPU.ActiveCfg = Release|Any CPU
		{6A95C83F-5253-49B0-AB0E-9B9E12FDBB14}.Release|Any CPU.Build.0 = Release|Any CPU
		{6A95C83F-5253-49B0-AB0E-9B9E12FDBB14}.Release|x64.ActiveCfg = Release|Any CPU
		{6A95C83F-5253-49B0-AB0E-9B9E12FDBB14}.Release|x64.Build.0 = Release|Any CPU
		{6A95C83F-5253-49B0-AB0E-9B9E12FDBB14}.Release|x86.ActiveCfg = Release|Any CPU
		{6A95C83F-5253-49B0-AB0E-9B9E12FDBB14}.Release|x86.Build.0 = Release|Any CPU
		{F2953847-B342-47B7-8EEB-D55A892A1426}.Debug|Any CPU.ActiveCfg = Debug|Any CPU
		{F2953847-B342-47B7-8EEB-D55A892A1426}.Debug|Any CPU.Build.0 = Debug|Any CPU
		{F2953847-B342-47B7-8EEB-D55A892A1426}.Debug|x64.ActiveCfg = Debug|Any CPU
		{F2953847-B342-47B7-8EEB-D55A892A1426}.Debug|x64.Build.0 = Debug|Any CPU
		{F2953847-B342-47B7-8EEB-D55A892A1426}.Debug|x86.ActiveCfg = Debug|Any CPU
		{F2953847-B342-47B7-8EEB-D55A892A1426}.Debug|x86.Build.0 = Debug|Any CPU
		{F2953847-B342-47B7-8EEB-D55A892A1426}.Release|Any CPU.ActiveCfg = Release|Any CPU
		{F2953847-B342-47B7-8EEB-D55A892A1426}.Release|Any CPU.Build.0 = Release|Any CPU
		{F2953847-B342-47B7-8EEB-D55A892A1426}.Release|x64.ActiveCfg = Release|Any CPU
		{F2953847-B342-47B7-8EEB-D55A892A1426}.Release|x64.Build.0 = Release|Any CPU
		{F2953847-B342-47B7-8EEB-D55A892A1426}.Release|x86.ActiveCfg = Release|Any CPU
		{F2953847-B342-47B7-8EEB-D55A892A1426}.Release|x86.Build.0 = Release|Any CPU
		{4D4008FD-267A-4233-8DA1-4C5234EF8634}.Debug|Any CPU.ActiveCfg = Debug|Any CPU
		{4D4008FD-267A-4233-8DA1-4C5234EF8634}.Debug|Any CPU.Build.0 = Debug|Any CPU
		{4D4008FD-267A-4233-8DA1-4C5234EF8634}.Debug|x64.ActiveCfg = Debug|Any CPU
		{4D4008FD-267A-4233-8DA1-4C5234EF8634}.Debug|x64.Build.0 = Debug|Any CPU
		{4D4008FD-267A-4233-8DA1-4C5234EF8634}.Debug|x86.ActiveCfg = Debug|Any CPU
		{4D4008FD-267A-4233-8DA1-4C5234EF8634}.Debug|x86.Build.0 = Debug|Any CPU
		{4D4008FD-267A-4233-8DA1-4C5234EF8634}.Release|Any CPU.ActiveCfg = Release|Any CPU
		{4D4008FD-267A-4233-8DA1-4C5234EF8634}.Release|Any CPU.Build.0 = Release|Any CPU
		{4D4008FD-267A-4233-8DA1-4C5234EF8634}.Release|x64.ActiveCfg = Release|Any CPU
		{4D4008FD-267A-4233-8DA1-4C5234EF8634}.Release|x64.Build.0 = Release|Any CPU
		{4D4008FD-267A-4233-8DA1-4C5234EF8634}.Release|x86.ActiveCfg = Release|Any CPU
		{4D4008FD-267A-4233-8DA1-4C5234EF8634}.Release|x86.Build.0 = Release|Any CPU
		{7838BCCC-A5BB-4AB2-BEA4-E0D700607AD8}.Debug|Any CPU.ActiveCfg = Debug|Any CPU
		{7838BCCC-A5BB-4AB2-BEA4-E0D700607AD8}.Debug|Any CPU.Build.0 = Debug|Any CPU
		{7838BCCC-A5BB-4AB2-BEA4-E0D700607AD8}.Debug|x64.ActiveCfg = Debug|Any CPU
		{7838BCCC-A5BB-4AB2-BEA4-E0D700607AD8}.Debug|x64.Build.0 = Debug|Any CPU
		{7838BCCC-A5BB-4AB2-BEA4-E0D700607AD8}.Debug|x86.ActiveCfg = Debug|Any CPU
		{7838BCCC-A5BB-4AB2-BEA4-E0D700607AD8}.Debug|x86.Build.0 = Debug|Any CPU
		{7838BCCC-A5BB-4AB2-BEA4-E0D700607AD8}.Release|Any CPU.ActiveCfg = Release|Any CPU
		{7838BCCC-A5BB-4AB2-BEA4-E0D700607AD8}.Release|Any CPU.Build.0 = Release|Any CPU
		{7838BCCC-A5BB-4AB2-BEA4-E0D700607AD8}.Release|x64.ActiveCfg = Release|Any CPU
		{7838BCCC-A5BB-4AB2-BEA4-E0D700607AD8}.Release|x64.Build.0 = Release|Any CPU
		{7838BCCC-A5BB-4AB2-BEA4-E0D700607AD8}.Release|x86.ActiveCfg = Release|Any CPU
		{7838BCCC-A5BB-4AB2-BEA4-E0D700607AD8}.Release|x86.Build.0 = Release|Any CPU
		{E2726499-AE2E-4E85-994C-427490D8E618}.Debug|Any CPU.ActiveCfg = Debug|Any CPU
		{E2726499-AE2E-4E85-994C-427490D8E618}.Debug|Any CPU.Build.0 = Debug|Any CPU
		{E2726499-AE2E-4E85-994C-427490D8E618}.Debug|x64.ActiveCfg = Debug|Any CPU
		{E2726499-AE2E-4E85-994C-427490D8E618}.Debug|x64.Build.0 = Debug|Any CPU
		{E2726499-AE2E-4E85-994C-427490D8E618}.Debug|x86.ActiveCfg = Debug|Any CPU
		{E2726499-AE2E-4E85-994C-427490D8E618}.Debug|x86.Build.0 = Debug|Any CPU
		{E2726499-AE2E-4E85-994C-427490D8E618}.Release|Any CPU.ActiveCfg = Release|Any CPU
		{E2726499-AE2E-4E85-994C-427490D8E618}.Release|Any CPU.Build.0 = Release|Any CPU
		{E2726499-AE2E-4E85-994C-427490D8E618}.Release|x64.ActiveCfg = Release|Any CPU
		{E2726499-AE2E-4E85-994C-427490D8E618}.Release|x64.Build.0 = Release|Any CPU
		{E2726499-AE2E-4E85-994C-427490D8E618}.Release|x86.ActiveCfg = Release|Any CPU
		{E2726499-AE2E-4E85-994C-427490D8E618}.Release|x86.Build.0 = Release|Any CPU
		{FC4A47F7-9155-4CDE-ACF1-22DC9A9A9BB7}.Debug|Any CPU.ActiveCfg = Debug|Any CPU
		{FC4A47F7-9155-4CDE-ACF1-22DC9A9A9BB7}.Debug|Any CPU.Build.0 = Debug|Any CPU
		{FC4A47F7-9155-4CDE-ACF1-22DC9A9A9BB7}.Debug|x64.ActiveCfg = Debug|Any CPU
		{FC4A47F7-9155-4CDE-ACF1-22DC9A9A9BB7}.Debug|x64.Build.0 = Debug|Any CPU
		{FC4A47F7-9155-4CDE-ACF1-22DC9A9A9BB7}.Debug|x86.ActiveCfg = Debug|Any CPU
		{FC4A47F7-9155-4CDE-ACF1-22DC9A9A9BB7}.Debug|x86.Build.0 = Debug|Any CPU
		{FC4A47F7-9155-4CDE-ACF1-22DC9A9A9BB7}.Release|Any CPU.ActiveCfg = Release|Any CPU
		{FC4A47F7-9155-4CDE-ACF1-22DC9A9A9BB7}.Release|Any CPU.Build.0 = Release|Any CPU
		{FC4A47F7-9155-4CDE-ACF1-22DC9A9A9BB7}.Release|x64.ActiveCfg = Release|Any CPU
		{FC4A47F7-9155-4CDE-ACF1-22DC9A9A9BB7}.Release|x64.Build.0 = Release|Any CPU
		{FC4A47F7-9155-4CDE-ACF1-22DC9A9A9BB7}.Release|x86.ActiveCfg = Release|Any CPU
		{FC4A47F7-9155-4CDE-ACF1-22DC9A9A9BB7}.Release|x86.Build.0 = Release|Any CPU
		{ED197A62-631B-40FE-A2C7-B5C8159DA618}.Debug|Any CPU.ActiveCfg = Debug|Any CPU
		{ED197A62-631B-40FE-A2C7-B5C8159DA618}.Debug|Any CPU.Build.0 = Debug|Any CPU
		{ED197A62-631B-40FE-A2C7-B5C8159DA618}.Debug|x64.ActiveCfg = Debug|Any CPU
		{ED197A62-631B-40FE-A2C7-B5C8159DA618}.Debug|x64.Build.0 = Debug|Any CPU
		{ED197A62-631B-40FE-A2C7-B5C8159DA618}.Debug|x86.ActiveCfg = Debug|Any CPU
		{ED197A62-631B-40FE-A2C7-B5C8159DA618}.Debug|x86.Build.0 = Debug|Any CPU
		{ED197A62-631B-40FE-A2C7-B5C8159DA618}.Release|Any CPU.ActiveCfg = Release|Any CPU
		{ED197A62-631B-40FE-A2C7-B5C8159DA618}.Release|Any CPU.Build.0 = Release|Any CPU
		{ED197A62-631B-40FE-A2C7-B5C8159DA618}.Release|x64.ActiveCfg = Release|Any CPU
		{ED197A62-631B-40FE-A2C7-B5C8159DA618}.Release|x64.Build.0 = Release|Any CPU
		{ED197A62-631B-40FE-A2C7-B5C8159DA618}.Release|x86.ActiveCfg = Release|Any CPU
		{ED197A62-631B-40FE-A2C7-B5C8159DA618}.Release|x86.Build.0 = Release|Any CPU
		{44FFAE8F-25C0-4C56-9AF4-543AA744B4A4}.Debug|Any CPU.ActiveCfg = Debug|Any CPU
		{44FFAE8F-25C0-4C56-9AF4-543AA744B4A4}.Debug|Any CPU.Build.0 = Debug|Any CPU
		{44FFAE8F-25C0-4C56-9AF4-543AA744B4A4}.Debug|x64.ActiveCfg = Debug|Any CPU
		{44FFAE8F-25C0-4C56-9AF4-543AA744B4A4}.Debug|x64.Build.0 = Debug|Any CPU
		{44FFAE8F-25C0-4C56-9AF4-543AA744B4A4}.Debug|x86.ActiveCfg = Debug|Any CPU
		{44FFAE8F-25C0-4C56-9AF4-543AA744B4A4}.Debug|x86.Build.0 = Debug|Any CPU
		{44FFAE8F-25C0-4C56-9AF4-543AA744B4A4}.Release|Any CPU.ActiveCfg = Release|Any CPU
		{44FFAE8F-25C0-4C56-9AF4-543AA744B4A4}.Release|Any CPU.Build.0 = Release|Any CPU
		{44FFAE8F-25C0-4C56-9AF4-543AA744B4A4}.Release|x64.ActiveCfg = Release|Any CPU
		{44FFAE8F-25C0-4C56-9AF4-543AA744B4A4}.Release|x64.Build.0 = Release|Any CPU
		{44FFAE8F-25C0-4C56-9AF4-543AA744B4A4}.Release|x86.ActiveCfg = Release|Any CPU
		{44FFAE8F-25C0-4C56-9AF4-543AA744B4A4}.Release|x86.Build.0 = Release|Any CPU
		{B1299C57-9E5C-4391-A620-558DADAF52D2}.Debug|Any CPU.ActiveCfg = Debug|Any CPU
		{B1299C57-9E5C-4391-A620-558DADAF52D2}.Debug|Any CPU.Build.0 = Debug|Any CPU
		{B1299C57-9E5C-4391-A620-558DADAF52D2}.Debug|x64.ActiveCfg = Debug|Any CPU
		{B1299C57-9E5C-4391-A620-558DADAF52D2}.Debug|x64.Build.0 = Debug|Any CPU
		{B1299C57-9E5C-4391-A620-558DADAF52D2}.Debug|x86.ActiveCfg = Debug|Any CPU
		{B1299C57-9E5C-4391-A620-558DADAF52D2}.Debug|x86.Build.0 = Debug|Any CPU
		{B1299C57-9E5C-4391-A620-558DADAF52D2}.Release|Any CPU.ActiveCfg = Release|Any CPU
		{B1299C57-9E5C-4391-A620-558DADAF52D2}.Release|Any CPU.Build.0 = Release|Any CPU
		{B1299C57-9E5C-4391-A620-558DADAF52D2}.Release|x64.ActiveCfg = Release|Any CPU
		{B1299C57-9E5C-4391-A620-558DADAF52D2}.Release|x64.Build.0 = Release|Any CPU
		{B1299C57-9E5C-4391-A620-558DADAF52D2}.Release|x86.ActiveCfg = Release|Any CPU
		{B1299C57-9E5C-4391-A620-558DADAF52D2}.Release|x86.Build.0 = Release|Any CPU
		{ADA4932C-001B-4E07-9CB6-D88E721C7EC5}.Debug|Any CPU.ActiveCfg = Debug|Any CPU
		{ADA4932C-001B-4E07-9CB6-D88E721C7EC5}.Debug|Any CPU.Build.0 = Debug|Any CPU
		{ADA4932C-001B-4E07-9CB6-D88E721C7EC5}.Debug|x64.ActiveCfg = Debug|Any CPU
		{ADA4932C-001B-4E07-9CB6-D88E721C7EC5}.Debug|x64.Build.0 = Debug|Any CPU
		{ADA4932C-001B-4E07-9CB6-D88E721C7EC5}.Debug|x86.ActiveCfg = Debug|Any CPU
		{ADA4932C-001B-4E07-9CB6-D88E721C7EC5}.Debug|x86.Build.0 = Debug|Any CPU
		{ADA4932C-001B-4E07-9CB6-D88E721C7EC5}.Release|Any CPU.ActiveCfg = Release|Any CPU
		{ADA4932C-001B-4E07-9CB6-D88E721C7EC5}.Release|Any CPU.Build.0 = Release|Any CPU
		{ADA4932C-001B-4E07-9CB6-D88E721C7EC5}.Release|x64.ActiveCfg = Release|Any CPU
		{ADA4932C-001B-4E07-9CB6-D88E721C7EC5}.Release|x64.Build.0 = Release|Any CPU
		{ADA4932C-001B-4E07-9CB6-D88E721C7EC5}.Release|x86.ActiveCfg = Release|Any CPU
		{ADA4932C-001B-4E07-9CB6-D88E721C7EC5}.Release|x86.Build.0 = Release|Any CPU
	EndGlobalSection
	GlobalSection(SolutionProperties) = preSolution
		HideSolutionNode = FALSE
	EndGlobalSection
	GlobalSection(NestedProjects) = preSolution
		{FC4A47F7-9155-4CDE-ACF1-22DC9A9A9BB7} = {5D20AA90-6969-D8BD-9DCD-8634F4692FDA}
		{44FFAE8F-25C0-4C56-9AF4-543AA744B4A4} = {808186BE-9BD0-DD1D-D574-36EEAD1E7F8F}
		{B1299C57-9E5C-4391-A620-558DADAF52D2} = {5D20AA90-6969-D8BD-9DCD-8634F4692FDA}
		{ADA4932C-001B-4E07-9CB6-D88E721C7EC5} = {5D20AA90-6969-D8BD-9DCD-8634F4692FDA}
	EndGlobalSection
	GlobalSection(ExtensibilityGlobals) = postSolution
		SolutionGuid = {560D3881-D190-4C53-BAA7-9BB089C75615}
	EndGlobalSection
EndGlobal
