Microsoft Visual Studio Solution File, Format Version 12.00
# Visual Studio Version 17
VisualStudioVersion = 17.13.35931.197
MinimumVisualStudioVersion = 10.0.40219.1
Project("{FAE04EC0-301F-11D3-BF4B-00C04F79EFBC}") = "ExampleChatServer", "ExampleChatServer.csproj", "{E05AAACF-613A-42F1-98FC-6F6C861679D9}"
EndProject
Project("{FAE04EC0-301F-11D3-BF4B-00C04F79EFBC}") = "JobDispatcherNET", "..\JobDispatcherNET\JobDispatcherNET.csproj", "{A8CA2D31-B49F-AB28-576A-0770A07F089A}"
EndProject
Global
	GlobalSection(SolutionConfigurationPlatforms) = preSolution
		Debug|Any CPU = Debug|Any CPU
		Release|Any CPU = Release|Any CPU
	EndGlobalSection
	GlobalSection(ProjectConfigurationPlatforms) = postSolution
		{E05AAACF-613A-42F1-98FC-6F6C861679D9}.Debug|Any CPU.ActiveCfg = Debug|Any CPU
		{E05AAACF-613A-42F1-98FC-6F6C861679D9}.Debug|Any CPU.Build.0 = Debug|Any CPU
		{E05AAACF-613A-42F1-98FC-6F6C861679D9}.Release|Any CPU.ActiveCfg = Release|Any CPU
		{E05AAACF-613A-42F1-98FC-6F6C861679D9}.Release|Any CPU.Build.0 = Release|Any CPU
		{A8CA2D31-B49F-AB28-576A-0770A07F089A}.Debug|Any CPU.ActiveCfg = Debug|Any CPU
		{A8CA2D31-B49F-AB28-576A-0770A07F089A}.Debug|Any CPU.Build.0 = Debug|Any CPU
		{A8CA2D31-B49F-AB28-576A-0770A07F089A}.Release|Any CPU.ActiveCfg = Release|Any CPU
		{A8CA2D31-B49F-AB28-576A-0770A07F089A}.Release|Any CPU.Build.0 = Release|Any CPU
	EndGlobalSection
	GlobalSection(SolutionProperties) = preSolution
		HideSolutionNode = FALSE
	EndGlobalSection
	GlobalSection(ExtensibilityGlobals) = postSolution
		SolutionGuid = {D41DEB86-D336-4A36-B262-4F18C053F317}
	EndGlobalSection
EndGlobal
