Microsoft Visual Studio Solution File, Format Version 12.00
# Visual Studio Version 17
VisualStudioVersion = 17.13.35931.197
MinimumVisualStudioVersion = 10.0.40219.1
Project("{FAE04EC0-301F-11D3-BF4B-00C04F79EFBC}") = "JobDispatcherNET", "JobDispatcherNET.csproj", "{93F811E8-CDF4-414A-87E5-96340E164EF6}"
EndProject
Global
	GlobalSection(SolutionConfigurationPlatforms) = preSolution
		Debug|Any CPU = Debug|Any CPU
		Release|Any CPU = Release|Any CPU
	EndGlobalSection
	GlobalSection(ProjectConfigurationPlatforms) = postSolution
		{93F811E8-CDF4-414A-87E5-96340E164EF6}.Debug|Any CPU.ActiveCfg = Debug|Any CPU
		{93F811E8-CDF4-414A-87E5-96340E164EF6}.Debug|Any CPU.Build.0 = Debug|Any CPU
		{93F811E8-CDF4-414A-87E5-96340E164EF6}.Release|Any CPU.ActiveCfg = Release|Any CPU
		{93F811E8-CDF4-414A-87E5-96340E164EF6}.Release|Any CPU.Build.0 = Release|Any CPU
	EndGlobalSection
	GlobalSection(SolutionProperties) = preSolution
		HideSolutionNode = FALSE
	EndGlobalSection
	GlobalSection(ExtensibilityGlobals) = postSolution
		SolutionGuid = {BC7BACD2-75C9-4A4B-91F4-2A88011841DE}
	EndGlobalSection
EndGlobal
